
Microsoft Visual Studio Solution File, Format Version 12.00
# Visual Studio 15
VisualStudioVersion = 15.0.28307.539
MinimumVisualStudioVersion = 10.0.40219.1
Project("{FAE04EC0-301F-11D3-BF4B-00C04F79EFBC}") = "ConstChainDrillPage162", "ConstChainDrillPage162\ConstChainDrillPage162.csproj", "{B66764E9-50ED-44A0-AF88-EF44C272A22A}"
EndProject
Global
	GlobalSection(SolutionConfigurationPlatforms) = preSolution
		Debug|Any CPU = Debug|Any CPU
		Release|Any CPU = Release|Any CPU
	EndGlobalSection
	GlobalSection(ProjectConfigurationPlatforms) = postSolution
		{B66764E9-50ED-44A0-AF88-EF44C272A22A}.Debug|Any CPU.ActiveCfg = Debug|Any CPU
		{B66764E9-50ED-44A0-AF88-EF44C272A22A}.Debug|Any CPU.Build.0 = Debug|Any CPU
		{B66764E9-50ED-44A0-AF88-EF44C272A22A}.Release|Any CPU.ActiveCfg = Release|Any CPU
		{B66764E9-50ED-44A0-AF88-EF44C272A22A}.Release|Any CPU.Build.0 = Release|Any CPU
	EndGlobalSection
	GlobalSection(SolutionProperties) = preSolution
		HideSolutionNode = FALSE
	EndGlobalSection
	GlobalSection(ExtensibilityGlobals) = postSolution
		SolutionGuid = {0FF4722B-39DC-4C7A-B488-D6B68F8EC0D4}
	EndGlobalSection
EndGlobal
