
Microsoft Visual Studio Solution File, Format Version 12.00
# Visual Studio 15
VisualStudioVersion = 15.0.28307.539
MinimumVisualStudioVersion = 10.0.40219.1
Project("{FAE04EC0-301F-11D3-BF4B-00C04F79EFBC}") = "ArraysAndLists", "ArraysAndLists\ArraysAndLists.csproj", "{B2C27F41-281F-4E9C-BE0C-AD0AE0B2E726}"
EndProject
Global
	GlobalSection(SolutionConfigurationPlatforms) = preSolution
		Debug|Any CPU = Debug|Any CPU
		Release|Any CPU = Release|Any CPU
	EndGlobalSection
	GlobalSection(ProjectConfigurationPlatforms) = postSolution
		{B2C27F41-281F-4E9C-BE0C-AD0AE0B2E726}.Debug|Any CPU.ActiveCfg = Debug|Any CPU
		{B2C27F41-281F-4E9C-BE0C-AD0AE0B2E726}.Debug|Any CPU.Build.0 = Debug|Any CPU
		{B2C27F41-281F-4E9C-BE0C-AD0AE0B2E726}.Release|Any CPU.ActiveCfg = Release|Any CPU
		{B2C27F41-281F-4E9C-BE0C-AD0AE0B2E726}.Release|Any CPU.Build.0 = Release|Any CPU
	EndGlobalSection
	GlobalSection(SolutionProperties) = preSolution
		HideSolutionNode = FALSE
	EndGlobalSection
	GlobalSection(ExtensibilityGlobals) = postSolution
		SolutionGuid = {897BCE5E-C613-4467-8FDD-E81B4832A9D0}
	EndGlobalSection
EndGlobal
