
Microsoft Visual Studio Solution File, Format Version 12.00
# Visual Studio 15
VisualStudioVersion = 15.0.28307.539
MinimumVisualStudioVersion = 10.0.40219.1
Project("{FAE04EC0-301F-11D3-BF4B-00C04F79EFBC}") = "BranchingPackageExpress", "BranchingPackageExpress\BranchingPackageExpress.csproj", "{68413F9D-9B3C-4093-B502-D55D24B9947C}"
EndProject
Global
	GlobalSection(SolutionConfigurationPlatforms) = preSolution
		Debug|Any CPU = Debug|Any CPU
		Release|Any CPU = Release|Any CPU
	EndGlobalSection
	GlobalSection(ProjectConfigurationPlatforms) = postSolution
		{68413F9D-9B3C-4093-B502-D55D24B9947C}.Debug|Any CPU.ActiveCfg = Debug|Any CPU
		{68413F9D-9B3C-4093-B502-D55D24B9947C}.Debug|Any CPU.Build.0 = Debug|Any CPU
		{68413F9D-9B3C-4093-B502-D55D24B9947C}.Release|Any CPU.ActiveCfg = Release|Any CPU
		{68413F9D-9B3C-4093-B502-D55D24B9947C}.Release|Any CPU.Build.0 = Release|Any CPU
	EndGlobalSection
	GlobalSection(SolutionProperties) = preSolution
		HideSolutionNode = FALSE
	EndGlobalSection
	GlobalSection(ExtensibilityGlobals) = postSolution
		SolutionGuid = {174DBDFD-C2EA-4A35-8D91-681278EC2651}
	EndGlobalSection
EndGlobal
