
Microsoft Visual Studio Solution File, Format Version 12.00
# Visual Studio 15
VisualStudioVersion = 15.0.28307.539
MinimumVisualStudioVersion = 10.0.40219.1
Project("{FAE04EC0-301F-11D3-BF4B-00C04F79EFBC}") = "AnonIncomeCompareProgram", "AnonIncomeCompareProgram\AnonIncomeCompareProgram.csproj", "{AB68E227-3C74-4CB3-A943-EE8C31DA7C57}"
EndProject
Global
	GlobalSection(SolutionConfigurationPlatforms) = preSolution
		Debug|Any CPU = Debug|Any CPU
		Release|Any CPU = Release|Any CPU
	EndGlobalSection
	GlobalSection(ProjectConfigurationPlatforms) = postSolution
		{AB68E227-3C74-4CB3-A943-EE8C31DA7C57}.Debug|Any CPU.ActiveCfg = Debug|Any CPU
		{AB68E227-3C74-4CB3-A943-EE8C31DA7C57}.Debug|Any CPU.Build.0 = Debug|Any CPU
		{AB68E227-3C74-4CB3-A943-EE8C31DA7C57}.Release|Any CPU.ActiveCfg = Release|Any CPU
		{AB68E227-3C74-4CB3-A943-EE8C31DA7C57}.Release|Any CPU.Build.0 = Release|Any CPU
	EndGlobalSection
	GlobalSection(SolutionProperties) = preSolution
		HideSolutionNode = FALSE
	EndGlobalSection
	GlobalSection(ExtensibilityGlobals) = postSolution
		SolutionGuid = {C59766D4-4BCD-4188-9A4B-0578D8BD63EA}
	EndGlobalSection
EndGlobal
