
Microsoft Visual Studio Solution File, Format Version 12.00
# Visual Studio 15
VisualStudioVersion = 15.0.28307.539
MinimumVisualStudioVersion = 10.0.40219.1
Project("{FAE04EC0-301F-11D3-BF4B-00C04F79EFBC}") = "AbdtractDrillPg124", "AbdtractDrillPg124\AbdtractDrillPg124.csproj", "{2962D313-09A4-48A7-8546-135300B3DC9A}"
EndProject
Global
	GlobalSection(SolutionConfigurationPlatforms) = preSolution
		Debug|Any CPU = Debug|Any CPU
		Release|Any CPU = Release|Any CPU
	EndGlobalSection
	GlobalSection(ProjectConfigurationPlatforms) = postSolution
		{2962D313-09A4-48A7-8546-135300B3DC9A}.Debug|Any CPU.ActiveCfg = Debug|Any CPU
		{2962D313-09A4-48A7-8546-135300B3DC9A}.Debug|Any CPU.Build.0 = Debug|Any CPU
		{2962D313-09A4-48A7-8546-135300B3DC9A}.Release|Any CPU.ActiveCfg = Release|Any CPU
		{2962D313-09A4-48A7-8546-135300B3DC9A}.Release|Any CPU.Build.0 = Release|Any CPU
	EndGlobalSection
	GlobalSection(SolutionProperties) = preSolution
		HideSolutionNode = FALSE
	EndGlobalSection
	GlobalSection(ExtensibilityGlobals) = postSolution
		SolutionGuid = {95615355-5F9D-4621-BC62-8B6745781A4C}
	EndGlobalSection
EndGlobal
