
Microsoft Visual Studio Solution File, Format Version 12.00
# Visual Studio 15
VisualStudioVersion = 15.0.28307.539
MinimumVisualStudioVersion = 10.0.40219.1
Project("{FAE04EC0-301F-11D3-BF4B-00C04F79EFBC}") = "GenericDrillPage131", "GenericDrillPage131\GenericDrillPage131.csproj", "{51F445F6-47A3-4194-B504-5AF465804E03}"
EndProject
Global
	GlobalSection(SolutionConfigurationPlatforms) = preSolution
		Debug|Any CPU = Debug|Any CPU
		Release|Any CPU = Release|Any CPU
	EndGlobalSection
	GlobalSection(ProjectConfigurationPlatforms) = postSolution
		{51F445F6-47A3-4194-B504-5AF465804E03}.Debug|Any CPU.ActiveCfg = Debug|Any CPU
		{51F445F6-47A3-4194-B504-5AF465804E03}.Debug|Any CPU.Build.0 = Debug|Any CPU
		{51F445F6-47A3-4194-B504-5AF465804E03}.Release|Any CPU.ActiveCfg = Release|Any CPU
		{51F445F6-47A3-4194-B504-5AF465804E03}.Release|Any CPU.Build.0 = Release|Any CPU
	EndGlobalSection
	GlobalSection(SolutionProperties) = preSolution
		HideSolutionNode = FALSE
	EndGlobalSection
	GlobalSection(ExtensibilityGlobals) = postSolution
		SolutionGuid = {0C30BEFA-0005-481E-8BCC-94CA2CC8813E}
	EndGlobalSection
EndGlobal
