
Microsoft Visual Studio Solution File, Format Version 12.00
# Visual Studio 15
VisualStudioVersion = 15.0.28307.539
MinimumVisualStudioVersion = 10.0.40219.1
Project("{FAE04EC0-301F-11D3-BF4B-00C04F79EFBC}") = "AbstractDrillPg124", "AbstractDrillPg124\AbstractDrillPg124.csproj", "{38AAFD29-C6DA-4ED2-B146-9A745AF319D3}"
EndProject
Global
	GlobalSection(SolutionConfigurationPlatforms) = preSolution
		Debug|Any CPU = Debug|Any CPU
		Release|Any CPU = Release|Any CPU
	EndGlobalSection
	GlobalSection(ProjectConfigurationPlatforms) = postSolution
		{38AAFD29-C6DA-4ED2-B146-9A745AF319D3}.Debug|Any CPU.ActiveCfg = Debug|Any CPU
		{38AAFD29-C6DA-4ED2-B146-9A745AF319D3}.Debug|Any CPU.Build.0 = Debug|Any CPU
		{38AAFD29-C6DA-4ED2-B146-9A745AF319D3}.Release|Any CPU.ActiveCfg = Release|Any CPU
		{38AAFD29-C6DA-4ED2-B146-9A745AF319D3}.Release|Any CPU.Build.0 = Release|Any CPU
	EndGlobalSection
	GlobalSection(SolutionProperties) = preSolution
		HideSolutionNode = FALSE
	EndGlobalSection
	GlobalSection(ExtensibilityGlobals) = postSolution
		SolutionGuid = {F2541B17-AD06-489A-899C-5950EEB42674}
	EndGlobalSection
EndGlobal
