
Microsoft Visual Studio Solution File, Format Version 12.00
# Visual Studio 15
VisualStudioVersion = 15.0.28307.539
MinimumVisualStudioVersion = 10.0.40219.1
Project("{FAE04EC0-301F-11D3-BF4B-00C04F79EFBC}") = "ArrayListDrill", "ArrayListDrill\ArrayListDrill.csproj", "{5BD9D4FD-3C24-4A8D-81D7-D646CD798E5B}"
EndProject
Global
	GlobalSection(SolutionConfigurationPlatforms) = preSolution
		Debug|Any CPU = Debug|Any CPU
		Release|Any CPU = Release|Any CPU
	EndGlobalSection
	GlobalSection(ProjectConfigurationPlatforms) = postSolution
		{5BD9D4FD-3C24-4A8D-81D7-D646CD798E5B}.Debug|Any CPU.ActiveCfg = Debug|Any CPU
		{5BD9D4FD-3C24-4A8D-81D7-D646CD798E5B}.Debug|Any CPU.Build.0 = Debug|Any CPU
		{5BD9D4FD-3C24-4A8D-81D7-D646CD798E5B}.Release|Any CPU.ActiveCfg = Release|Any CPU
		{5BD9D4FD-3C24-4A8D-81D7-D646CD798E5B}.Release|Any CPU.Build.0 = Release|Any CPU
	EndGlobalSection
	GlobalSection(SolutionProperties) = preSolution
		HideSolutionNode = FALSE
	EndGlobalSection
	GlobalSection(ExtensibilityGlobals) = postSolution
		SolutionGuid = {4D793969-34CA-4CEE-A188-2C663E4505AC}
	EndGlobalSection
EndGlobal
