
Microsoft Visual Studio Solution File, Format Version 12.00
# Visual Studio 15
VisualStudioVersion = 15.0.28307.539
MinimumVisualStudioVersion = 10.0.40219.1
Project("{FAE04EC0-301F-11D3-BF4B-00C04F79EFBC}") = "LogDrillPage154", "LogDrillPage154\LogDrillPage154.csproj", "{591C770B-7A14-4B0B-92FA-38CD96504B9F}"
EndProject
Global
	GlobalSection(SolutionConfigurationPlatforms) = preSolution
		Debug|Any CPU = Debug|Any CPU
		Release|Any CPU = Release|Any CPU
	EndGlobalSection
	GlobalSection(ProjectConfigurationPlatforms) = postSolution
		{591C770B-7A14-4B0B-92FA-38CD96504B9F}.Debug|Any CPU.ActiveCfg = Debug|Any CPU
		{591C770B-7A14-4B0B-92FA-38CD96504B9F}.Debug|Any CPU.Build.0 = Debug|Any CPU
		{591C770B-7A14-4B0B-92FA-38CD96504B9F}.Release|Any CPU.ActiveCfg = Release|Any CPU
		{591C770B-7A14-4B0B-92FA-38CD96504B9F}.Release|Any CPU.Build.0 = Release|Any CPU
	EndGlobalSection
	GlobalSection(SolutionProperties) = preSolution
		HideSolutionNode = FALSE
	EndGlobalSection
	GlobalSection(ExtensibilityGlobals) = postSolution
		SolutionGuid = {44E63EAD-A968-4626-A05D-C90DF29778DC}
	EndGlobalSection
EndGlobal
